// !$*UTF8*$!
{
	archiveVersion = 1;
	classes = {
	};
	objectVersion = 63;
	objects = {

/* Begin PBXBuildFile section */
		365ADECF2BF3871A003403B3 /* TradeInterface in Frameworks */ = {isa = PBXBuildFile; productRef = 365ADECE2BF3871A003403B3 /* TradeInterface */; };
		365ADED22BF388B2003403B3 /* Preview Assets.xcassets in Resources */ = {isa = PBXBuildFile; fileRef = 365ADED02BF388B2003403B3 /* Preview Assets.xcassets */; };
		365ADED52BF388E4003403B3 /* LICENSE.md in Resources */ = {isa = PBXBuildFile; fileRef = 365ADED32BF388E4003403B3 /* LICENSE.md */; };
		365ADED62BF388E4003403B3 /* README.md in Resources */ = {isa = PBXBuildFile; fileRef = 365ADED42BF388E4003403B3 /* README.md */; };
		368BFD172DC846D0008527EA /* Run-Strategy-With-TradeUI-and-IB.md in Resources */ = {isa = PBXBuildFile; fileRef = 368BFD162DC846C9008527EA /* Run-Strategy-With-TradeUI-and-IB.md */; };
		48703D4C2E8008C700851FC1 /* TradingStrategy in Frameworks */ = {isa = PBXBuildFile; productRef = 48703D4B2E8008C700851FC1 /* TradingStrategy */; };
		AD6F73B42B67A6080012F5F8 /* TradeApp.swift in Sources */ = {isa = PBXBuildFile; fileRef = AD6F73B32B67A6080012F5F8 /* TradeApp.swift */; };
		99AABBCCDDEEFF0011223344 /* SettingsView.swift in Sources */ = {isa = PBXBuildFile; fileRef = 99AABBCCDDEEFF0011223345 /* SettingsView.swift */; };
		AD6F73B82B67A60B0012F5F8 /* Assets.xcassets in Resources */ = {isa = PBXBuildFile; fileRef = AD6F73B72B67A60B0012F5F8 /* Assets.xcassets */; };
/* End PBXBuildFile section */

/* Begin PBXCopyFilesBuildPhase section */
		365ADEC02BF3838C003403B3 /* Embed Frameworks */ = {
			isa = PBXCopyFilesBuildPhase;
			buildActionMask = 2147483647;
			dstPath = "";
			dstSubfolderSpec = 10;
			files = (
			);
			name = "Embed Frameworks";
			runOnlyForDeploymentPostprocessing = 0;
		};
/* End PBXCopyFilesBuildPhase section */

/* Begin PBXFileReference section */
		365ADEC82BF3864E003403B3 /* Trade */ = {isa = PBXFileReference; lastKnownFileType = wrapper; path = Trade; sourceTree = "<group>"; };
		365ADED02BF388B2003403B3 /* Preview Assets.xcassets */ = {isa = PBXFileReference; lastKnownFileType = folder.assetcatalog; path = "Preview Assets.xcassets"; sourceTree = "<group>"; };
		365ADED32BF388E4003403B3 /* LICENSE.md */ = {isa = PBXFileReference; fileEncoding = 4; lastKnownFileType = net.daringfireball.markdown; path = LICENSE.md; sourceTree = "<group>"; };
		365ADED42BF388E4003403B3 /* README.md */ = {isa = PBXFileReference; fileEncoding = 4; lastKnownFileType = net.daringfireball.markdown; path = README.md; sourceTree = "<group>"; };
		368BFD162DC846C9008527EA /* Run-Strategy-With-TradeUI-and-IB.md */ = {isa = PBXFileReference; lastKnownFileType = net.daringfireball.markdown; path = "Run-Strategy-With-TradeUI-and-IB.md"; sourceTree = "<group>"; };
		AD1614732B6F5CC300EF68B5 /* TradeUI.entitlements */ = {isa = PBXFileReference; lastKnownFileType = text.plist.entitlements; path = TradeUI.entitlements; sourceTree = "<group>"; };
		AD6F73B02B67A6080012F5F8 /* Trade With It.app */ = {isa = PBXFileReference; explicitFileType = wrapper.application; includeInIndex = 0; path = "Trade With It.app"; sourceTree = BUILT_PRODUCTS_DIR; };
		AD6F73B32B67A6080012F5F8 /* TradeApp.swift */ = {isa = PBXFileReference; lastKnownFileType = sourcecode.swift; path = TradeApp.swift; sourceTree = "<group>"; };
		99AABBCCDDEEFF0011223345 /* SettingsView.swift */ = {isa = PBXFileReference; lastKnownFileType = sourcecode.swift; path = Views/SettingsView.swift; sourceTree = "<group>"; };
		AD6F73B72B67A60B0012F5F8 /* Assets.xcassets */ = {isa = PBXFileReference; lastKnownFileType = folder.assetcatalog; path = Assets.xcassets; sourceTree = "<group>"; };
/* End PBXFileReference section */

/* Begin PBXFrameworksBuildPhase section */
		AD6F73AD2B67A6080012F5F8 /* Frameworks */ = {
			isa = PBXFrameworksBuildPhase;
			buildActionMask = 2147483647;
			files = (
				365ADECF2BF3871A003403B3 /* TradeInterface in Frameworks */,
				48703D4C2E8008C700851FC1 /* TradingStrategy in Frameworks */,
			);
			runOnlyForDeploymentPostprocessing = 0;
		};
/* End PBXFrameworksBuildPhase section */

/* Begin PBXGroup section */
		365ADED12BF388B2003403B3 /* Preview Content */ = {
			isa = PBXGroup;
			children = (
				365ADED02BF388B2003403B3 /* Preview Assets.xcassets */,
			);
			path = "Preview Content";
			sourceTree = "<group>";
		};
		36F458352BBD0CFE00432AE9 /* Frameworks */ = {
			isa = PBXGroup;
			children = (
			);
			name = Frameworks;
			sourceTree = "<group>";
		};
		AD6F73A72B67A6080012F5F8 = {
			isa = PBXGroup;
			children = (
				368BFD162DC846C9008527EA /* Run-Strategy-With-TradeUI-and-IB.md */,
				365ADED32BF388E4003403B3 /* LICENSE.md */,
				365ADED42BF388E4003403B3 /* README.md */,
				365ADEC82BF3864E003403B3 /* Trade */,
				AD6F73B22B67A6080012F5F8 /* TradeUI */,
				AD6F73B12B67A6080012F5F8 /* Products */,
				36F458352BBD0CFE00432AE9 /* Frameworks */,
			);
			sourceTree = "<group>";
		};
		AD6F73B12B67A6080012F5F8 /* Products */ = {
			isa = PBXGroup;
			children = (
				AD6F73B02B67A6080012F5F8 /* Trade With It.app */,
			);
			name = Products;
			sourceTree = "<group>";
		};
		AD6F73B22B67A6080012F5F8 /* TradeUI */ = {
			isa = PBXGroup;
			children = (
				365ADED12BF388B2003403B3 /* Preview Content */,
				AD1614732B6F5CC300EF68B5 /* TradeUI.entitlements */,
				AD6F73B32B67A6080012F5F8 /* TradeApp.swift */,
				99AABBCCDDEEFF0011223345 /* SettingsView.swift */,
				AD6F73B72B67A60B0012F5F8 /* Assets.xcassets */,
			);
			path = TradeUI;
			sourceTree = "<group>";
		};
/* End PBXGroup section */

/* Begin PBXNativeTarget section */
		AD6F73AF2B67A6080012F5F8 /* TradeUI */ = {
			isa = PBXNativeTarget;
			buildConfigurationList = AD6F73BF2B67A60B0012F5F8 /* Build configuration list for PBXNativeTarget "TradeUI" */;
			buildPhases = (
				AD6F73AC2B67A6080012F5F8 /* Sources */,
				AD6F73AD2B67A6080012F5F8 /* Frameworks */,
				AD6F73AE2B67A6080012F5F8 /* Resources */,
				365ADEC02BF3838C003403B3 /* Embed Frameworks */,
			);
			buildRules = (
			);
			dependencies = (
			);
			name = TradeUI;
			packageProductDependencies = (
				365ADECE2BF3871A003403B3 /* TradeInterface */,
				48703D4B2E8008C700851FC1 /* TradingStrategy */,
			);
			productName = TradeWithIt;
			productReference = AD6F73B02B67A6080012F5F8 /* Trade With It.app */;
			productType = "com.apple.product-type.application";
		};
/* End PBXNativeTarget section */

/* Begin PBXProject section */
		AD6F73A82B67A6080012F5F8 /* Project object */ = {
			isa = PBXProject;
			attributes = {
				BuildIndependentTargetsInParallel = 1;
				LastSwiftUpdateCheck = 1520;
				LastUpgradeCheck = 1530;
				TargetAttributes = {
					AD6F73AF2B67A6080012F5F8 = {
						CreatedOnToolsVersion = 15.2;
					};
				};
			};
			buildConfigurationList = AD6F73AB2B67A6080012F5F8 /* Build configuration list for PBXProject "TradeUI" */;
			compatibilityVersion = "Xcode 15.3";
			developmentRegion = en;
			hasScannedForEncodings = 0;
			knownRegions = (
				en,
				Base,
			);
			mainGroup = AD6F73A72B67A6080012F5F8;
			packageReferences = (
				365ADECD2BF3871A003403B3 /* XCLocalSwiftPackageReference "Trade" */,
				48703D4A2E8008C700851FC1 /* XCLocalSwiftPackageReference "../Strategy" */,
			);
			productRefGroup = AD6F73B12B67A6080012F5F8 /* Products */;
			projectDirPath = "";
			projectRoot = "";
			targets = (
				AD6F73AF2B67A6080012F5F8 /* TradeUI */,
			);
		};
/* End PBXProject section */

/* Begin PBXResourcesBuildPhase section */
		AD6F73AE2B67A6080012F5F8 /* Resources */ = {
			isa = PBXResourcesBuildPhase;
			buildActionMask = 2147483647;
			files = (
				368BFD172DC846D0008527EA /* Run-Strategy-With-TradeUI-and-IB.md in Resources */,
				365ADED22BF388B2003403B3 /* Preview Assets.xcassets in Resources */,
				365ADED52BF388E4003403B3 /* LICENSE.md in Resources */,
				365ADED62BF388E4003403B3 /* README.md in Resources */,
				AD6F73B82B67A60B0012F5F8 /* Assets.xcassets in Resources */,
			);
			runOnlyForDeploymentPostprocessing = 0;
		};
/* End PBXResourcesBuildPhase section */

/* Begin PBXSourcesBuildPhase section */
		AD6F73AC2B67A6080012F5F8 /* Sources */ = {
			isa = PBXSourcesBuildPhase;
			buildActionMask = 2147483647;
			files = (
				AD6F73B42B67A6080012F5F8 /* TradeApp.swift in Sources */,
				99AABBCCDDEEFF0011223344 /* SettingsView.swift in Sources */,
			);
			runOnlyForDeploymentPostprocessing = 0;
		};
/* End PBXSourcesBuildPhase section */

/* Begin XCBuildConfiguration section */
		AD6F73BD2B67A60B0012F5F8 /* Debug */ = {
			isa = XCBuildConfiguration;
			buildSettings = {
				ALWAYS_SEARCH_USER_PATHS = NO;
				ASSETCATALOG_COMPILER_GENERATE_SWIFT_ASSET_SYMBOL_EXTENSIONS = YES;
				CLANG_ANALYZER_NONNULL = YES;
				CLANG_ANALYZER_NUMBER_OBJECT_CONVERSION = YES_AGGRESSIVE;
				CLANG_CXX_LANGUAGE_STANDARD = "gnu++20";
				CLANG_ENABLE_MODULES = YES;
				CLANG_ENABLE_OBJC_ARC = YES;
				CLANG_ENABLE_OBJC_WEAK = YES;
				CLANG_WARN_BLOCK_CAPTURE_AUTORELEASING = YES;
				CLANG_WARN_BOOL_CONVERSION = YES;
				CLANG_WARN_COMMA = YES;
				CLANG_WARN_CONSTANT_CONVERSION = YES;
				CLANG_WARN_DEPRECATED_OBJC_IMPLEMENTATIONS = YES;
				CLANG_WARN_DIRECT_OBJC_ISA_USAGE = YES_ERROR;
				CLANG_WARN_DOCUMENTATION_COMMENTS = YES;
				CLANG_WARN_EMPTY_BODY = YES;
				CLANG_WARN_ENUM_CONVERSION = YES;
				CLANG_WARN_INFINITE_RECURSION = YES;
				CLANG_WARN_INT_CONVERSION = YES;
				CLANG_WARN_NON_LITERAL_NULL_CONVERSION = YES;
				CLANG_WARN_OBJC_IMPLICIT_RETAIN_SELF = YES;
				CLANG_WARN_OBJC_LITERAL_CONVERSION = YES;
				CLANG_WARN_OBJC_ROOT_CLASS = YES_ERROR;
				CLANG_WARN_QUOTED_INCLUDE_IN_FRAMEWORK_HEADER = YES;
				CLANG_WARN_RANGE_LOOP_ANALYSIS = YES;
				CLANG_WARN_STRICT_PROTOTYPES = YES;
				CLANG_WARN_SUSPICIOUS_MOVE = YES;
				CLANG_WARN_UNGUARDED_AVAILABILITY = YES_AGGRESSIVE;
				CLANG_WARN_UNREACHABLE_CODE = YES;
				CLANG_WARN__DUPLICATE_METHOD_MATCH = YES;
				COPY_PHASE_STRIP = NO;
				DEAD_CODE_STRIPPING = YES;
				DEBUG_INFORMATION_FORMAT = dwarf;
				ENABLE_STRICT_OBJC_MSGSEND = YES;
				ENABLE_TESTABILITY = YES;
				ENABLE_USER_SCRIPT_SANDBOXING = YES;
				GCC_C_LANGUAGE_STANDARD = gnu17;
				GCC_DYNAMIC_NO_PIC = NO;
				GCC_NO_COMMON_BLOCKS = YES;
				GCC_OPTIMIZATION_LEVEL = 0;
				GCC_PREPROCESSOR_DEFINITIONS = (
					"DEBUG=1",
					"$(inherited)",
				);
				GCC_WARN_64_TO_32_BIT_CONVERSION = YES;
				GCC_WARN_ABOUT_RETURN_TYPE = YES_ERROR;
				GCC_WARN_UNDECLARED_SELECTOR = YES;
				GCC_WARN_UNINITIALIZED_AUTOS = YES_AGGRESSIVE;
				GCC_WARN_UNUSED_FUNCTION = YES;
				GCC_WARN_UNUSED_VARIABLE = YES;
				IPHONEOS_DEPLOYMENT_TARGET = 17.4;
				LOCALIZATION_PREFERS_STRING_CATALOGS = YES;
				MACOSX_DEPLOYMENT_TARGET = 14.4;
				MTL_ENABLE_DEBUG_INFO = INCLUDE_SOURCE;
				MTL_FAST_MATH = YES;
				ONLY_ACTIVE_ARCH = YES;
				SWIFT_ACTIVE_COMPILATION_CONDITIONS = "DEBUG $(inherited)";
				SWIFT_OPTIMIZATION_LEVEL = "-Onone";
			};
			name = Debug;
		};
		AD6F73BE2B67A60B0012F5F8 /* Release */ = {
			isa = XCBuildConfiguration;
			buildSettings = {
				ALWAYS_SEARCH_USER_PATHS = NO;
				ASSETCATALOG_COMPILER_GENERATE_SWIFT_ASSET_SYMBOL_EXTENSIONS = YES;
				CLANG_ANALYZER_NONNULL = YES;
				CLANG_ANALYZER_NUMBER_OBJECT_CONVERSION = YES_AGGRESSIVE;
				CLANG_CXX_LANGUAGE_STANDARD = "gnu++20";
				CLANG_ENABLE_MODULES = YES;
				CLANG_ENABLE_OBJC_ARC = YES;
				CLANG_ENABLE_OBJC_WEAK = YES;
				CLANG_WARN_BLOCK_CAPTURE_AUTORELEASING = YES;
				CLANG_WARN_BOOL_CONVERSION = YES;
				CLANG_WARN_COMMA = YES;
				CLANG_WARN_CONSTANT_CONVERSION = YES;
				CLANG_WARN_DEPRECATED_OBJC_IMPLEMENTATIONS = YES;
				CLANG_WARN_DIRECT_OBJC_ISA_USAGE = YES_ERROR;
				CLANG_WARN_DOCUMENTATION_COMMENTS = YES;
				CLANG_WARN_EMPTY_BODY = YES;
				CLANG_WARN_ENUM_CONVERSION = YES;
				CLANG_WARN_INFINITE_RECURSION = YES;
				CLANG_WARN_INT_CONVERSION = YES;
				CLANG_WARN_NON_LITERAL_NULL_CONVERSION = YES;
				CLANG_WARN_OBJC_IMPLICIT_RETAIN_SELF = YES;
				CLANG_WARN_OBJC_LITERAL_CONVERSION = YES;
				CLANG_WARN_OBJC_ROOT_CLASS = YES_ERROR;
				CLANG_WARN_QUOTED_INCLUDE_IN_FRAMEWORK_HEADER = YES;
				CLANG_WARN_RANGE_LOOP_ANALYSIS = YES;
				CLANG_WARN_STRICT_PROTOTYPES = YES;
				CLANG_WARN_SUSPICIOUS_MOVE = YES;
				CLANG_WARN_UNGUARDED_AVAILABILITY = YES_AGGRESSIVE;
				CLANG_WARN_UNREACHABLE_CODE = YES;
				CLANG_WARN__DUPLICATE_METHOD_MATCH = YES;
				COPY_PHASE_STRIP = NO;
				DEAD_CODE_STRIPPING = YES;
				DEBUG_INFORMATION_FORMAT = "dwarf-with-dsym";
				ENABLE_NS_ASSERTIONS = NO;
				ENABLE_STRICT_OBJC_MSGSEND = YES;
				ENABLE_USER_SCRIPT_SANDBOXING = YES;
				GCC_C_LANGUAGE_STANDARD = gnu17;
				GCC_NO_COMMON_BLOCKS = YES;
				GCC_WARN_64_TO_32_BIT_CONVERSION = YES;
				GCC_WARN_ABOUT_RETURN_TYPE = YES_ERROR;
				GCC_WARN_UNDECLARED_SELECTOR = YES;
				GCC_WARN_UNINITIALIZED_AUTOS = YES_AGGRESSIVE;
				GCC_WARN_UNUSED_FUNCTION = YES;
				GCC_WARN_UNUSED_VARIABLE = YES;
				IPHONEOS_DEPLOYMENT_TARGET = 17.4;
				LOCALIZATION_PREFERS_STRING_CATALOGS = YES;
				MACOSX_DEPLOYMENT_TARGET = 14.4;
				MTL_ENABLE_DEBUG_INFO = NO;
				MTL_FAST_MATH = YES;
				SWIFT_COMPILATION_MODE = wholemodule;
			};
			name = Release;
		};
		AD6F73C02B67A60B0012F5F8 /* Debug */ = {
			isa = XCBuildConfiguration;
			buildSettings = {
				ASSETCATALOG_COMPILER_APPICON_NAME = AppIcon;
				ASSETCATALOG_COMPILER_GLOBAL_ACCENT_COLOR_NAME = AccentColor;
				CODE_SIGN_ENTITLEMENTS = TradeUI/TradeUI.entitlements;
				"CODE_SIGN_IDENTITY[sdk=macosx*]" = "-";
				CODE_SIGN_STYLE = Automatic;
				CURRENT_PROJECT_VERSION = 1;
				DEAD_CODE_STRIPPING = YES;
				DEVELOPMENT_ASSET_PATHS = "\"TradeUI/Preview Content\"";
				DEVELOPMENT_TEAM = "";
				ENABLE_HARDENED_RUNTIME = YES;
				ENABLE_PREVIEWS = YES;
				GENERATE_INFOPLIST_FILE = YES;
				INFOPLIST_KEY_CFBundleDisplayName = "$(PRODUCT_NAME)";
				INFOPLIST_KEY_LSApplicationCategoryType = "public.app-category.finance";
				"INFOPLIST_KEY_UIApplicationSceneManifest_Generation[sdk=iphoneos*]" = YES;
				"INFOPLIST_KEY_UIApplicationSceneManifest_Generation[sdk=iphonesimulator*]" = YES;
				"INFOPLIST_KEY_UIApplicationSupportsIndirectInputEvents[sdk=iphoneos*]" = YES;
				"INFOPLIST_KEY_UIApplicationSupportsIndirectInputEvents[sdk=iphonesimulator*]" = YES;
				"INFOPLIST_KEY_UILaunchScreen_Generation[sdk=iphoneos*]" = YES;
				"INFOPLIST_KEY_UILaunchScreen_Generation[sdk=iphonesimulator*]" = YES;
				"INFOPLIST_KEY_UIStatusBarStyle[sdk=iphoneos*]" = UIStatusBarStyleDefault;
				"INFOPLIST_KEY_UIStatusBarStyle[sdk=iphonesimulator*]" = UIStatusBarStyleDefault;
				INFOPLIST_KEY_UISupportedInterfaceOrientations_iPad = "UIInterfaceOrientationPortrait UIInterfaceOrientationPortraitUpsideDown UIInterfaceOrientationLandscapeLeft UIInterfaceOrientationLandscapeRight";
				INFOPLIST_KEY_UISupportedInterfaceOrientations_iPhone = "UIInterfaceOrientationPortrait UIInterfaceOrientationLandscapeLeft UIInterfaceOrientationLandscapeRight";
				IPHONEOS_DEPLOYMENT_TARGET = 17.4;
				LD_RUNPATH_SEARCH_PATHS = "@executable_path/Frameworks";
				"LD_RUNPATH_SEARCH_PATHS[sdk=macosx*]" = "@executable_path/../Frameworks";
				MACOSX_DEPLOYMENT_TARGET = 15.0;
				MARKETING_VERSION = 1.0;
				PRODUCT_BUNDLE_IDENTIFIER = com.szymonlorenz.TradeUI;
				PRODUCT_NAME = "Trade With It";
				SDKROOT = auto;
				SUPPORTED_PLATFORMS = "iphoneos iphonesimulator macosx";
				SWIFT_EMIT_LOC_STRINGS = YES;
				SWIFT_VERSION = 5.0;
				TARGETED_DEVICE_FAMILY = "1,2";
			};
			name = Debug;
		};
		AD6F73C12B67A60B0012F5F8 /* Release */ = {
			isa = XCBuildConfiguration;
			buildSettings = {
				ASSETCATALOG_COMPILER_APPICON_NAME = AppIcon;
				ASSETCATALOG_COMPILER_GLOBAL_ACCENT_COLOR_NAME = AccentColor;
				CODE_SIGN_ENTITLEMENTS = TradeUI/TradeUI.entitlements;
				"CODE_SIGN_IDENTITY[sdk=macosx*]" = "-";
				CODE_SIGN_STYLE = Automatic;
				CURRENT_PROJECT_VERSION = 1;
				DEAD_CODE_STRIPPING = YES;
				DEVELOPMENT_ASSET_PATHS = "\"TradeUI/Preview Content\"";
				DEVELOPMENT_TEAM = "";
				ENABLE_HARDENED_RUNTIME = YES;
				ENABLE_PREVIEWS = YES;
				GENERATE_INFOPLIST_FILE = YES;
				INFOPLIST_KEY_CFBundleDisplayName = "$(PRODUCT_NAME)";
				INFOPLIST_KEY_LSApplicationCategoryType = "public.app-category.finance";
				"INFOPLIST_KEY_UIApplicationSceneManifest_Generation[sdk=iphoneos*]" = YES;
				"INFOPLIST_KEY_UIApplicationSceneManifest_Generation[sdk=iphonesimulator*]" = YES;
				"INFOPLIST_KEY_UIApplicationSupportsIndirectInputEvents[sdk=iphoneos*]" = YES;
				"INFOPLIST_KEY_UIApplicationSupportsIndirectInputEvents[sdk=iphonesimulator*]" = YES;
				"INFOPLIST_KEY_UILaunchScreen_Generation[sdk=iphoneos*]" = YES;
				"INFOPLIST_KEY_UILaunchScreen_Generation[sdk=iphonesimulator*]" = YES;
				"INFOPLIST_KEY_UIStatusBarStyle[sdk=iphoneos*]" = UIStatusBarStyleDefault;
				"INFOPLIST_KEY_UIStatusBarStyle[sdk=iphonesimulator*]" = UIStatusBarStyleDefault;
				INFOPLIST_KEY_UISupportedInterfaceOrientations_iPad = "UIInterfaceOrientationPortrait UIInterfaceOrientationPortraitUpsideDown UIInterfaceOrientationLandscapeLeft UIInterfaceOrientationLandscapeRight";
				INFOPLIST_KEY_UISupportedInterfaceOrientations_iPhone = "UIInterfaceOrientationPortrait UIInterfaceOrientationLandscapeLeft UIInterfaceOrientationLandscapeRight";
				IPHONEOS_DEPLOYMENT_TARGET = 17.4;
				LD_RUNPATH_SEARCH_PATHS = "@executable_path/Frameworks";
				"LD_RUNPATH_SEARCH_PATHS[sdk=macosx*]" = "@executable_path/../Frameworks";
				MACOSX_DEPLOYMENT_TARGET = 15.0;
				MARKETING_VERSION = 1.0;
				PRODUCT_BUNDLE_IDENTIFIER = com.szymonlorenz.TradeUI;
				PRODUCT_NAME = "Trade With It";
				SDKROOT = auto;
				SUPPORTED_PLATFORMS = "iphoneos iphonesimulator macosx";
				SWIFT_EMIT_LOC_STRINGS = YES;
				SWIFT_VERSION = 5.0;
				TARGETED_DEVICE_FAMILY = "1,2";
			};
			name = Release;
		};
/* End XCBuildConfiguration section */

/* Begin XCConfigurationList section */
		AD6F73AB2B67A6080012F5F8 /* Build configuration list for PBXProject "TradeUI" */ = {
			isa = XCConfigurationList;
			buildConfigurations = (
				AD6F73BD2B67A60B0012F5F8 /* Debug */,
				AD6F73BE2B67A60B0012F5F8 /* Release */,
			);
			defaultConfigurationIsVisible = 0;
			defaultConfigurationName = Release;
		};
		AD6F73BF2B67A60B0012F5F8 /* Build configuration list for PBXNativeTarget "TradeUI" */ = {
			isa = XCConfigurationList;
			buildConfigurations = (
				AD6F73C02B67A60B0012F5F8 /* Debug */,
				AD6F73C12B67A60B0012F5F8 /* Release */,
			);
			defaultConfigurationIsVisible = 0;
			defaultConfigurationName = Release;
		};
/* End XCConfigurationList section */

/* Begin XCLocalSwiftPackageReference section */
		365ADECD2BF3871A003403B3 /* XCLocalSwiftPackageReference "Trade" */ = {
			isa = XCLocalSwiftPackageReference;
			relativePath = Trade;
		};
		48703D4A2E8008C700851FC1 /* XCLocalSwiftPackageReference "../Strategy" */ = {
			isa = XCLocalSwiftPackageReference;
			relativePath = ../Strategy;
		};
/* End XCLocalSwiftPackageReference section */

/* Begin XCSwiftPackageProductDependency section */
		365ADECE2BF3871A003403B3 /* TradeInterface */ = {
			isa = XCSwiftPackageProductDependency;
			productName = TradeInterface;
		};
		48703D4B2E8008C700851FC1 /* TradingStrategy */ = {
			isa = XCSwiftPackageProductDependency;
			productName = TradingStrategy;
		};
/* End XCSwiftPackageProductDependency section */
	};
	rootObject = AD6F73A82B67A6080012F5F8 /* Project object */;
}
